{
  "name": "hitc-budget-vs-actual",
  "version": "1.0.0",
  "lockfileVersion": 2,
  "requires": true,
  "packages": {
    "": {
      "name": "hitc-budget-vs-actual",
      "version": "1.0.0",
      "devDependencies": {
        "@hitc/netsuite-types": "^2022.1.7"
      }
    },
    "node_modules/@hitc/netsuite-types": {
      "version": "2022.1.7",
      "resolved": "https://registry.npmjs.org/@hitc/netsuite-types/-/netsuite-types-2022.1.7.tgz",
      "integrity": "sha512-ZLdLxezSNdk1yp/YjMf2f5mPQfEJGgysuIS4oYss+2+X7cKSmfl5kA8XEvnIdi7oHE1Oac3WmDy63W1yoELU9w==",
      "dev": true
    }
  },
  "dependencies": {
    "@hitc/netsuite-types": {
      "version": "2022.1.7",
      "resolved": "https://registry.npmjs.org/@hitc/netsuite-types/-/netsuite-types-2022.1.7.tgz",
      "integrity": "sha512-ZLdLxezSNdk1yp/YjMf2f5mPQfEJGgysuIS4oYss+2+X7cKSmfl5kA8XEvnIdi7oHE1Oac3WmDy63W1yoELU9w==",
      "dev": true
    }
  }
}
